
Microsoft Visual Studio Solution File, Format Version 12.00
# Visual Studio Version 17
VisualStudioVersion = 17.9.34728.123
MinimumVisualStudioVersion = 10.0.40219.1
Project("{F184B08F-C81C-45F6-A57F-5ABD9991F28F}") = "holadatatable", "holadatatable\holadatatable.vbproj", "{9F737871-9EFE-4532-ABA9-ECD990A43EBF}"
EndProject
Global
	GlobalSection(SolutionConfigurationPlatforms) = preSolution
		Debug|Any CPU = Debug|Any CPU
		Release|Any CPU = Release|Any CPU
	EndGlobalSection
	GlobalSection(ProjectConfigurationPlatforms) = postSolution
		{9F737871-9EFE-4532-ABA9-ECD990A43EBF}.Debug|Any CPU.ActiveCfg = Debug|Any CPU
		{9F737871-9EFE-4532-ABA9-ECD990A43EBF}.Debug|Any CPU.Build.0 = Debug|Any CPU
		{9F737871-9EFE-4532-ABA9-ECD990A43EBF}.Release|Any CPU.ActiveCfg = Release|Any CPU
		{9F737871-9EFE-4532-ABA9-ECD990A43EBF}.Release|Any CPU.Build.0 = Release|Any CPU
	EndGlobalSection
	GlobalSection(SolutionProperties) = preSolution
		HideSolutionNode = FALSE
	EndGlobalSection
	GlobalSection(ExtensibilityGlobals) = postSolution
		SolutionGuid = {AC0C4095-84A7-4510-9810-341967787843}
	EndGlobalSection
EndGlobal
