
Microsoft Visual Studio Solution File, Format Version 12.00
# Visual Studio Version 17
VisualStudioVersion = 17.9.34723.18
MinimumVisualStudioVersion = 10.0.40219.1
Project("{F184B08F-C81C-45F6-A57F-5ABD9991F28F}") = "DemoParcialVinoteca", "DemoParcialVinoteca\DemoParcialVinoteca.vbproj", "{6A1D8507-C59C-4377-899F-22E1ADC8AF95}"
EndProject
Global
	GlobalSection(SolutionConfigurationPlatforms) = preSolution
		Debug|Any CPU = Debug|Any CPU
		Release|Any CPU = Release|Any CPU
	EndGlobalSection
	GlobalSection(ProjectConfigurationPlatforms) = postSolution
		{6A1D8507-C59C-4377-899F-22E1ADC8AF95}.Debug|Any CPU.ActiveCfg = Debug|Any CPU
		{6A1D8507-C59C-4377-899F-22E1ADC8AF95}.Debug|Any CPU.Build.0 = Debug|Any CPU
		{6A1D8507-C59C-4377-899F-22E1ADC8AF95}.Release|Any CPU.ActiveCfg = Release|Any CPU
		{6A1D8507-C59C-4377-899F-22E1ADC8AF95}.Release|Any CPU.Build.0 = Release|Any CPU
	EndGlobalSection
	GlobalSection(SolutionProperties) = preSolution
		HideSolutionNode = FALSE
	EndGlobalSection
	GlobalSection(ExtensibilityGlobals) = postSolution
		SolutionGuid = {B4B23C96-B562-45CD-A046-E2EA5DCFB000}
	EndGlobalSection
EndGlobal
