
Microsoft Visual Studio Solution File, Format Version 12.00
# Visual Studio Version 17
VisualStudioVersion = 17.9.34723.18
MinimumVisualStudioVersion = 10.0.40219.1
Project("{FAE04EC0-301F-11D3-BF4B-00C04F79EFBC}") = "WindowsFormsApp1", "WindowsFormsApp1\WindowsFormsApp1.csproj", "{059C7E6D-A6F6-484C-8B91-6B090D592CBC}"
EndProject
Global
	GlobalSection(SolutionConfigurationPlatforms) = preSolution
		Debug|Any CPU = Debug|Any CPU
		Release|Any CPU = Release|Any CPU
	EndGlobalSection
	GlobalSection(ProjectConfigurationPlatforms) = postSolution
		{059C7E6D-A6F6-484C-8B91-6B090D592CBC}.Debug|Any CPU.ActiveCfg = Debug|Any CPU
		{059C7E6D-A6F6-484C-8B91-6B090D592CBC}.Debug|Any CPU.Build.0 = Debug|Any CPU
		{059C7E6D-A6F6-484C-8B91-6B090D592CBC}.Release|Any CPU.ActiveCfg = Release|Any CPU
		{059C7E6D-A6F6-484C-8B91-6B090D592CBC}.Release|Any CPU.Build.0 = Release|Any CPU
	EndGlobalSection
	GlobalSection(SolutionProperties) = preSolution
		HideSolutionNode = FALSE
	EndGlobalSection
	GlobalSection(ExtensibilityGlobals) = postSolution
		SolutionGuid = {5BF54363-20D8-4BF9-8ABF-39A168A01E2D}
	EndGlobalSection
EndGlobal
