
Microsoft Visual Studio Solution File, Format Version 12.00
# Visual Studio Version 17
VisualStudioVersion = 17.9.34723.18
MinimumVisualStudioVersion = 10.0.40219.1
Project("{F184B08F-C81C-45F6-A57F-5ABD9991F28F}") = "04_Carrito", "04_Carrito\04_Carrito.vbproj", "{C8CA5CA3-51A1-4F8A-AD9B-BDAD7B8F994E}"
EndProject
Global
	GlobalSection(SolutionConfigurationPlatforms) = preSolution
		Debug|Any CPU = Debug|Any CPU
		Release|Any CPU = Release|Any CPU
	EndGlobalSection
	GlobalSection(ProjectConfigurationPlatforms) = postSolution
		{C8CA5CA3-51A1-4F8A-AD9B-BDAD7B8F994E}.Debug|Any CPU.ActiveCfg = Debug|Any CPU
		{C8CA5CA3-51A1-4F8A-AD9B-BDAD7B8F994E}.Debug|Any CPU.Build.0 = Debug|Any CPU
		{C8CA5CA3-51A1-4F8A-AD9B-BDAD7B8F994E}.Release|Any CPU.ActiveCfg = Release|Any CPU
		{C8CA5CA3-51A1-4F8A-AD9B-BDAD7B8F994E}.Release|Any CPU.Build.0 = Release|Any CPU
	EndGlobalSection
	GlobalSection(SolutionProperties) = preSolution
		HideSolutionNode = FALSE
	EndGlobalSection
	GlobalSection(ExtensibilityGlobals) = postSolution
		SolutionGuid = {C6DD8BD5-F94E-4827-8F69-AEFBD4A69F95}
	EndGlobalSection
EndGlobal
